// !$*UTF8*$!
{
	archiveVersion = 1;
	classes = {
	};
	objectVersion = 50;
	objects = {

/* Begin PBXBuildFile section */
		68D40CF2233AC7FF006381FD /* AppDelegate.swift in Sources */ = {isa = PBXBuildFile; fileRef = 68D40CF1233AC7FF006381FD /* AppDelegate.swift */; };
		68D40CF4233AC7FF006381FD /* SceneDelegate.swift in Sources */ = {isa = PBXBuildFile; fileRef = 68D40CF3233AC7FF006381FD /* SceneDelegate.swift */; };
		68D40CFB233AC800006381FD /* Assets.xcassets in Resources */ = {isa = PBXBuildFile; fileRef = 68D40CFA233AC800006381FD /* Assets.xcassets */; };
		68D40CFE233AC800006381FD /* LaunchScreen.storyboard in Resources */ = {isa = PBXBuildFile; fileRef = 68D40CFC233AC800006381FD /* LaunchScreen.storyboard */; };
		9E883C1C25E1CEA6004C5EC1 /* HomeViewController.swift in Sources */ = {isa = PBXBuildFile; fileRef = 9E883C1B25E1CEA6004C5EC1 /* HomeViewController.swift */; };
		9E883C2625E1D0DB004C5EC1 /* ElementTableViewCell.swift in Sources */ = {isa = PBXBuildFile; fileRef = 9E883C2425E1D0DB004C5EC1 /* ElementTableViewCell.swift */; };
		9E883C2725E1D0DB004C5EC1 /* ElementBasedTableViewCell.xib in Resources */ = {isa = PBXBuildFile; fileRef = 9E883C2525E1D0DB004C5EC1 /* ElementBasedTableViewCell.xib */; };
		9E883C3225E1D66F004C5EC1 /* StyleGuidePalette.swift in Sources */ = {isa = PBXBuildFile; fileRef = 9E883C3125E1D66F004C5EC1 /* StyleGuidePalette.swift */; };
		9E883C3625E1DA2A004C5EC1 /* ElementTableViewSource.swift in Sources */ = {isa = PBXBuildFile; fileRef = 9E883C3525E1DA2A004C5EC1 /* ElementTableViewSource.swift */; };
		9E883C3925E1DF59004C5EC1 /* TableViewHeightEvaluator.swift in Sources */ = {isa = PBXBuildFile; fileRef = 9E883C3825E1DF59004C5EC1 /* TableViewHeightEvaluator.swift */; };
		9E883C3C25E1E0B5004C5EC1 /* ElementViewFactory.swift in Sources */ = {isa = PBXBuildFile; fileRef = 9E883C3B25E1E0B5004C5EC1 /* ElementViewFactory.swift */; };
		9E883C4125E1E1D5004C5EC1 /* ElementExpandableViewModel.swift in Sources */ = {isa = PBXBuildFile; fileRef = 9E883C4025E1E1D5004C5EC1 /* ElementExpandableViewModel.swift */; };
		9E8DD9F725E26A8A0057BADB /* HomeViewModel.swift in Sources */ = {isa = PBXBuildFile; fileRef = 9E8DD9F625E26A8A0057BADB /* HomeViewModel.swift */; };
		9E8DD9FC25E26C300057BADB /* ElementViewUpdater.swift in Sources */ = {isa = PBXBuildFile; fileRef = 9E8DD9FB25E26C300057BADB /* ElementViewUpdater.swift */; };
		9E8DDA0325E275540057BADB /* ElementExpandableView.xib in Resources */ = {isa = PBXBuildFile; fileRef = 9E8DDA0225E275540057BADB /* ElementExpandableView.xib */; };
		9E8DDA0625E2758A0057BADB /* ElementExpandableView.swift in Sources */ = {isa = PBXBuildFile; fileRef = 9E8DDA0525E2758A0057BADB /* ElementExpandableView.swift */; };
		9E8DDA1125E2C2B00057BADB /* ElementHeightCalculator.swift in Sources */ = {isa = PBXBuildFile; fileRef = 9E8DDA1025E2C2B00057BADB /* ElementHeightCalculator.swift */; };
/* End PBXBuildFile section */

/* Begin PBXFileReference section */
		68D40CEE233AC7FF006381FD /* PlayGround.app */ = {isa = PBXFileReference; explicitFileType = wrapper.application; includeInIndex = 0; path = PlayGround.app; sourceTree = BUILT_PRODUCTS_DIR; };
		68D40CF1233AC7FF006381FD /* AppDelegate.swift */ = {isa = PBXFileReference; lastKnownFileType = sourcecode.swift; path = AppDelegate.swift; sourceTree = "<group>"; };
		68D40CF3233AC7FF006381FD /* SceneDelegate.swift */ = {isa = PBXFileReference; lastKnownFileType = sourcecode.swift; path = SceneDelegate.swift; sourceTree = "<group>"; };
		68D40CFA233AC800006381FD /* Assets.xcassets */ = {isa = PBXFileReference; lastKnownFileType = folder.assetcatalog; path = Assets.xcassets; sourceTree = "<group>"; };
		68D40CFD233AC800006381FD /* Base */ = {isa = PBXFileReference; lastKnownFileType = file.storyboard; name = Base; path = Base.lproj/LaunchScreen.storyboard; sourceTree = "<group>"; };
		68D40CFF233AC800006381FD /* Info.plist */ = {isa = PBXFileReference; lastKnownFileType = text.plist.xml; path = Info.plist; sourceTree = "<group>"; };
		9E883C1B25E1CEA6004C5EC1 /* HomeViewController.swift */ = {isa = PBXFileReference; lastKnownFileType = sourcecode.swift; path = HomeViewController.swift; sourceTree = "<group>"; };
		9E883C2425E1D0DB004C5EC1 /* ElementTableViewCell.swift */ = {isa = PBXFileReference; lastKnownFileType = sourcecode.swift; path = ElementTableViewCell.swift; sourceTree = "<group>"; };
		9E883C2525E1D0DB004C5EC1 /* ElementBasedTableViewCell.xib */ = {isa = PBXFileReference; lastKnownFileType = file.xib; path = ElementBasedTableViewCell.xib; sourceTree = "<group>"; };
		9E883C3125E1D66F004C5EC1 /* StyleGuidePalette.swift */ = {isa = PBXFileReference; lastKnownFileType = sourcecode.swift; path = StyleGuidePalette.swift; sourceTree = "<group>"; };
		9E883C3525E1DA2A004C5EC1 /* ElementTableViewSource.swift */ = {isa = PBXFileReference; lastKnownFileType = sourcecode.swift; path = ElementTableViewSource.swift; sourceTree = "<group>"; };
		9E883C3825E1DF59004C5EC1 /* TableViewHeightEvaluator.swift */ = {isa = PBXFileReference; lastKnownFileType = sourcecode.swift; path = TableViewHeightEvaluator.swift; sourceTree = "<group>"; };
		9E883C3B25E1E0B5004C5EC1 /* ElementViewFactory.swift */ = {isa = PBXFileReference; lastKnownFileType = sourcecode.swift; path = ElementViewFactory.swift; sourceTree = "<group>"; };
		9E883C4025E1E1D5004C5EC1 /* ElementExpandableViewModel.swift */ = {isa = PBXFileReference; lastKnownFileType = sourcecode.swift; path = ElementExpandableViewModel.swift; sourceTree = "<group>"; };
		9E8DD9F625E26A8A0057BADB /* HomeViewModel.swift */ = {isa = PBXFileReference; lastKnownFileType = sourcecode.swift; path = HomeViewModel.swift; sourceTree = "<group>"; };
		9E8DD9FB25E26C300057BADB /* ElementViewUpdater.swift */ = {isa = PBXFileReference; lastKnownFileType = sourcecode.swift; path = ElementViewUpdater.swift; sourceTree = "<group>"; };
		9E8DDA0225E275540057BADB /* ElementExpandableView.xib */ = {isa = PBXFileReference; lastKnownFileType = file.xib; path = ElementExpandableView.xib; sourceTree = "<group>"; };
		9E8DDA0525E2758A0057BADB /* ElementExpandableView.swift */ = {isa = PBXFileReference; lastKnownFileType = sourcecode.swift; path = ElementExpandableView.swift; sourceTree = "<group>"; };
		9E8DDA1025E2C2B00057BADB /* ElementHeightCalculator.swift */ = {isa = PBXFileReference; lastKnownFileType = sourcecode.swift; path = ElementHeightCalculator.swift; sourceTree = "<group>"; };
/* End PBXFileReference section */

/* Begin PBXFrameworksBuildPhase section */
		68D40CEB233AC7FF006381FD /* Frameworks */ = {
			isa = PBXFrameworksBuildPhase;
			buildActionMask = 2147483647;
			files = (
			);
			runOnlyForDeploymentPostprocessing = 0;
		};
/* End PBXFrameworksBuildPhase section */

/* Begin PBXGroup section */
		68D40CE5233AC7FF006381FD = {
			isa = PBXGroup;
			children = (
				68D40CF0233AC7FF006381FD /* PlayGround */,
				68D40CEF233AC7FF006381FD /* Products */,
			);
			sourceTree = "<group>";
		};
		68D40CEF233AC7FF006381FD /* Products */ = {
			isa = PBXGroup;
			children = (
				68D40CEE233AC7FF006381FD /* PlayGround.app */,
			);
			name = Products;
			sourceTree = "<group>";
		};
		68D40CF0233AC7FF006381FD /* PlayGround */ = {
			isa = PBXGroup;
			children = (
				9E883C3025E1D64F004C5EC1 /* Constants */,
				9E883C2225E1D097004C5EC1 /* Views */,
				9E8DD9F525E26A760057BADB /* ViewModels */,
				9E883C0E25E1CC67004C5EC1 /* Controllers */,
				68D40CFA233AC800006381FD /* Assets.xcassets */,
				68D40CFF233AC800006381FD /* Info.plist */,
				68D40CFC233AC800006381FD /* LaunchScreen.storyboard */,
				68D40CF1233AC7FF006381FD /* AppDelegate.swift */,
				68D40CF3233AC7FF006381FD /* SceneDelegate.swift */,
			);
			path = PlayGround;
			sourceTree = "<group>";
		};
		9E883C0E25E1CC67004C5EC1 /* Controllers */ = {
			isa = PBXGroup;
			children = (
				9E883C1B25E1CEA6004C5EC1 /* HomeViewController.swift */,
			);
			path = Controllers;
			sourceTree = "<group>";
		};
		9E883C2225E1D097004C5EC1 /* Views */ = {
			isa = PBXGroup;
			children = (
				9E883C3B25E1E0B5004C5EC1 /* ElementViewFactory.swift */,
				9E8DD9FB25E26C300057BADB /* ElementViewUpdater.swift */,
				9E883C3825E1DF59004C5EC1 /* TableViewHeightEvaluator.swift */,
				9E883C3525E1DA2A004C5EC1 /* ElementTableViewSource.swift */,
				9E8DDA1025E2C2B00057BADB /* ElementHeightCalculator.swift */,
				9E883C3E25E1E197004C5EC1 /* Elements */,
				9E883C2325E1D09F004C5EC1 /* Cells */,
			);
			path = Views;
			sourceTree = "<group>";
		};
		9E883C2325E1D09F004C5EC1 /* Cells */ = {
			isa = PBXGroup;
			children = (
				9E883C2425E1D0DB004C5EC1 /* ElementTableViewCell.swift */,
				9E883C2525E1D0DB004C5EC1 /* ElementBasedTableViewCell.xib */,
			);
			path = Cells;
			sourceTree = "<group>";
		};
		9E883C3025E1D64F004C5EC1 /* Constants */ = {
			isa = PBXGroup;
			children = (
				9E883C3125E1D66F004C5EC1 /* StyleGuidePalette.swift */,
			);
			path = Constants;
			sourceTree = "<group>";
		};
		9E883C3E25E1E197004C5EC1 /* Elements */ = {
			isa = PBXGroup;
			children = (
				9E883C4025E1E1D5004C5EC1 /* ElementExpandableViewModel.swift */,
				9E8DDA0225E275540057BADB /* ElementExpandableView.xib */,
				9E8DDA0525E2758A0057BADB /* ElementExpandableView.swift */,
			);
			path = Elements;
			sourceTree = "<group>";
		};
		9E8DD9F525E26A760057BADB /* ViewModels */ = {
			isa = PBXGroup;
			children = (
				9E8DD9F625E26A8A0057BADB /* HomeViewModel.swift */,
			);
			path = ViewModels;
			sourceTree = "<group>";
		};
/* End PBXGroup section */

/* Begin PBXNativeTarget section */
		68D40CED233AC7FF006381FD /* PlayGround */ = {
			isa = PBXNativeTarget;
			buildConfigurationList = 68D40D02233AC800006381FD /* Build configuration list for PBXNativeTarget "PlayGround" */;
			buildPhases = (
				68D40CEA233AC7FF006381FD /* Sources */,
				68D40CEB233AC7FF006381FD /* Frameworks */,
				68D40CEC233AC7FF006381FD /* Resources */,
			);
			buildRules = (
			);
			dependencies = (
			);
			name = PlayGround;
			packageProductDependencies = (
			);
			productName = PlayGround;
			productReference = 68D40CEE233AC7FF006381FD /* PlayGround.app */;
			productType = "com.apple.product-type.application";
		};
/* End PBXNativeTarget section */

/* Begin PBXProject section */
		68D40CE6233AC7FF006381FD /* Project object */ = {
			isa = PBXProject;
			attributes = {
				LastSwiftUpdateCheck = 1100;
				LastUpgradeCheck = 1240;
				ORGANIZATIONNAME = "Edgar Gonzalez Pena";
				TargetAttributes = {
					68D40CED233AC7FF006381FD = {
						CreatedOnToolsVersion = 11.0;
					};
				};
			};
			buildConfigurationList = 68D40CE9233AC7FF006381FD /* Build configuration list for PBXProject "PlayGround" */;
			compatibilityVersion = "Xcode 9.3";
			developmentRegion = en;
			hasScannedForEncodings = 0;
			knownRegions = (
				en,
				Base,
			);
			mainGroup = 68D40CE5233AC7FF006381FD;
			packageReferences = (
			);
			productRefGroup = 68D40CEF233AC7FF006381FD /* Products */;
			projectDirPath = "";
			projectRoot = "";
			targets = (
				68D40CED233AC7FF006381FD /* PlayGround */,
			);
		};
/* End PBXProject section */

/* Begin PBXResourcesBuildPhase section */
		68D40CEC233AC7FF006381FD /* Resources */ = {
			isa = PBXResourcesBuildPhase;
			buildActionMask = 2147483647;
			files = (
				68D40CFE233AC800006381FD /* LaunchScreen.storyboard in Resources */,
				68D40CFB233AC800006381FD /* Assets.xcassets in Resources */,
				9E883C2725E1D0DB004C5EC1 /* ElementBasedTableViewCell.xib in Resources */,
				9E8DDA0325E275540057BADB /* ElementExpandableView.xib in Resources */,
			);
			runOnlyForDeploymentPostprocessing = 0;
		};
/* End PBXResourcesBuildPhase section */

/* Begin PBXSourcesBuildPhase section */
		68D40CEA233AC7FF006381FD /* Sources */ = {
			isa = PBXSourcesBuildPhase;
			buildActionMask = 2147483647;
			files = (
				9E883C1C25E1CEA6004C5EC1 /* HomeViewController.swift in Sources */,
				9E8DD9FC25E26C300057BADB /* ElementViewUpdater.swift in Sources */,
				9E8DD9F725E26A8A0057BADB /* HomeViewModel.swift in Sources */,
				9E883C3C25E1E0B5004C5EC1 /* ElementViewFactory.swift in Sources */,
				68D40CF2233AC7FF006381FD /* AppDelegate.swift in Sources */,
				9E883C2625E1D0DB004C5EC1 /* ElementTableViewCell.swift in Sources */,
				9E8DDA1125E2C2B00057BADB /* ElementHeightCalculator.swift in Sources */,
				9E883C3925E1DF59004C5EC1 /* TableViewHeightEvaluator.swift in Sources */,
				9E883C3225E1D66F004C5EC1 /* StyleGuidePalette.swift in Sources */,
				68D40CF4233AC7FF006381FD /* SceneDelegate.swift in Sources */,
				9E883C3625E1DA2A004C5EC1 /* ElementTableViewSource.swift in Sources */,
				9E883C4125E1E1D5004C5EC1 /* ElementExpandableViewModel.swift in Sources */,
				9E8DDA0625E2758A0057BADB /* ElementExpandableView.swift in Sources */,
			);
			runOnlyForDeploymentPostprocessing = 0;
		};
/* End PBXSourcesBuildPhase section */

/* Begin PBXVariantGroup section */
		68D40CFC233AC800006381FD /* LaunchScreen.storyboard */ = {
			isa = PBXVariantGroup;
			children = (
				68D40CFD233AC800006381FD /* Base */,
			);
			name = LaunchScreen.storyboard;
			sourceTree = "<group>";
		};
/* End PBXVariantGroup section */

/* Begin XCBuildConfiguration section */
		68D40D00233AC800006381FD /* Debug */ = {
			isa = XCBuildConfiguration;
			buildSettings = {
				ALWAYS_SEARCH_USER_PATHS = NO;
				CLANG_ANALYZER_NONNULL = YES;
				CLANG_ANALYZER_NUMBER_OBJECT_CONVERSION = YES_AGGRESSIVE;
				CLANG_CXX_LANGUAGE_STANDARD = "gnu++14";
				CLANG_CXX_LIBRARY = "libc++";
				CLANG_ENABLE_MODULES = YES;
				CLANG_ENABLE_OBJC_ARC = YES;
				CLANG_ENABLE_OBJC_WEAK = YES;
				CLANG_WARN_BLOCK_CAPTURE_AUTORELEASING = YES;
				CLANG_WARN_BOOL_CONVERSION = YES;
				CLANG_WARN_COMMA = YES;
				CLANG_WARN_CONSTANT_CONVERSION = YES;
				CLANG_WARN_DEPRECATED_OBJC_IMPLEMENTATIONS = YES;
				CLANG_WARN_DIRECT_OBJC_ISA_USAGE = YES_ERROR;
				CLANG_WARN_DOCUMENTATION_COMMENTS = YES;
				CLANG_WARN_EMPTY_BODY = YES;
				CLANG_WARN_ENUM_CONVERSION = YES;
				CLANG_WARN_INFINITE_RECURSION = YES;
				CLANG_WARN_INT_CONVERSION = YES;
				CLANG_WARN_NON_LITERAL_NULL_CONVERSION = YES;
				CLANG_WARN_OBJC_IMPLICIT_RETAIN_SELF = YES;
				CLANG_WARN_OBJC_LITERAL_CONVERSION = YES;
				CLANG_WARN_OBJC_ROOT_CLASS = YES_ERROR;
				CLANG_WARN_QUOTED_INCLUDE_IN_FRAMEWORK_HEADER = YES;
				CLANG_WARN_RANGE_LOOP_ANALYSIS = YES;
				CLANG_WARN_STRICT_PROTOTYPES = YES;
				CLANG_WARN_SUSPICIOUS_MOVE = YES;
				CLANG_WARN_UNGUARDED_AVAILABILITY = YES_AGGRESSIVE;
				CLANG_WARN_UNREACHABLE_CODE = YES;
				CLANG_WARN__DUPLICATE_METHOD_MATCH = YES;
				COPY_PHASE_STRIP = NO;
				DEBUG_INFORMATION_FORMAT = dwarf;
				ENABLE_STRICT_OBJC_MSGSEND = YES;
				ENABLE_TESTABILITY = YES;
				GCC_C_LANGUAGE_STANDARD = gnu11;
				GCC_DYNAMIC_NO_PIC = NO;
				GCC_NO_COMMON_BLOCKS = YES;
				GCC_OPTIMIZATION_LEVEL = 0;
				GCC_PREPROCESSOR_DEFINITIONS = (
					"DEBUG=1",
					"$(inherited)",
				);
				GCC_WARN_64_TO_32_BIT_CONVERSION = YES;
				GCC_WARN_ABOUT_RETURN_TYPE = YES_ERROR;
				GCC_WARN_UNDECLARED_SELECTOR = YES;
				GCC_WARN_UNINITIALIZED_AUTOS = YES_AGGRESSIVE;
				GCC_WARN_UNUSED_FUNCTION = YES;
				GCC_WARN_UNUSED_VARIABLE = YES;
				IPHONEOS_DEPLOYMENT_TARGET = 13.0;
				MTL_ENABLE_DEBUG_INFO = INCLUDE_SOURCE;
				MTL_FAST_MATH = YES;
				ONLY_ACTIVE_ARCH = YES;
				SDKROOT = iphoneos;
				SWIFT_ACTIVE_COMPILATION_CONDITIONS = DEBUG;
				SWIFT_OPTIMIZATION_LEVEL = "-Onone";
			};
			name = Debug;
		};
		68D40D01233AC800006381FD /* Release */ = {
			isa = XCBuildConfiguration;
			buildSettings = {
				ALWAYS_SEARCH_USER_PATHS = NO;
				CLANG_ANALYZER_NONNULL = YES;
				CLANG_ANALYZER_NUMBER_OBJECT_CONVERSION = YES_AGGRESSIVE;
				CLANG_CXX_LANGUAGE_STANDARD = "gnu++14";
				CLANG_CXX_LIBRARY = "libc++";
				CLANG_ENABLE_MODULES = YES;
				CLANG_ENABLE_OBJC_ARC = YES;
				CLANG_ENABLE_OBJC_WEAK = YES;
				CLANG_WARN_BLOCK_CAPTURE_AUTORELEASING = YES;
				CLANG_WARN_BOOL_CONVERSION = YES;
				CLANG_WARN_COMMA = YES;
				CLANG_WARN_CONSTANT_CONVERSION = YES;
				CLANG_WARN_DEPRECATED_OBJC_IMPLEMENTATIONS = YES;
				CLANG_WARN_DIRECT_OBJC_ISA_USAGE = YES_ERROR;
				CLANG_WARN_DOCUMENTATION_COMMENTS = YES;
				CLANG_WARN_EMPTY_BODY = YES;
				CLANG_WARN_ENUM_CONVERSION = YES;
				CLANG_WARN_INFINITE_RECURSION = YES;
				CLANG_WARN_INT_CONVERSION = YES;
				CLANG_WARN_NON_LITERAL_NULL_CONVERSION = YES;
				CLANG_WARN_OBJC_IMPLICIT_RETAIN_SELF = YES;
				CLANG_WARN_OBJC_LITERAL_CONVERSION = YES;
				CLANG_WARN_OBJC_ROOT_CLASS = YES_ERROR;
				CLANG_WARN_QUOTED_INCLUDE_IN_FRAMEWORK_HEADER = YES;
				CLANG_WARN_RANGE_LOOP_ANALYSIS = YES;
				CLANG_WARN_STRICT_PROTOTYPES = YES;
				CLANG_WARN_SUSPICIOUS_MOVE = YES;
				CLANG_WARN_UNGUARDED_AVAILABILITY = YES_AGGRESSIVE;
				CLANG_WARN_UNREACHABLE_CODE = YES;
				CLANG_WARN__DUPLICATE_METHOD_MATCH = YES;
				COPY_PHASE_STRIP = NO;
				DEBUG_INFORMATION_FORMAT = "dwarf-with-dsym";
				ENABLE_NS_ASSERTIONS = NO;
				ENABLE_STRICT_OBJC_MSGSEND = YES;
				GCC_C_LANGUAGE_STANDARD = gnu11;
				GCC_NO_COMMON_BLOCKS = YES;
				GCC_WARN_64_TO_32_BIT_CONVERSION = YES;
				GCC_WARN_ABOUT_RETURN_TYPE = YES_ERROR;
				GCC_WARN_UNDECLARED_SELECTOR = YES;
				GCC_WARN_UNINITIALIZED_AUTOS = YES_AGGRESSIVE;
				GCC_WARN_UNUSED_FUNCTION = YES;
				GCC_WARN_UNUSED_VARIABLE = YES;
				IPHONEOS_DEPLOYMENT_TARGET = 13.0;
				MTL_ENABLE_DEBUG_INFO = NO;
				MTL_FAST_MATH = YES;
				SDKROOT = iphoneos;
				SWIFT_COMPILATION_MODE = wholemodule;
				SWIFT_OPTIMIZATION_LEVEL = "-O";
				VALIDATE_PRODUCT = YES;
			};
			name = Release;
		};
		68D40D03233AC800006381FD /* Debug */ = {
			isa = XCBuildConfiguration;
			buildSettings = {
				ASSETCATALOG_COMPILER_APPICON_NAME = AppIcon;
				CODE_SIGN_STYLE = Automatic;
				DEVELOPMENT_TEAM = 4H6F2UW83S;
				INFOPLIST_FILE = PlayGround/Info.plist;
				LD_RUNPATH_SEARCH_PATHS = (
					"$(inherited)",
					"@executable_path/Frameworks",
				);
				PRODUCT_BUNDLE_IDENTIFIER = com.PlayGround;
				PRODUCT_NAME = "$(TARGET_NAME)";
				SWIFT_VERSION = 5.0;
				TARGETED_DEVICE_FAMILY = "1,2";
			};
			name = Debug;
		};
		68D40D04233AC800006381FD /* Release */ = {
			isa = XCBuildConfiguration;
			buildSettings = {
				ASSETCATALOG_COMPILER_APPICON_NAME = AppIcon;
				CODE_SIGN_STYLE = Automatic;
				DEVELOPMENT_TEAM = 4H6F2UW83S;
				INFOPLIST_FILE = PlayGround/Info.plist;
				LD_RUNPATH_SEARCH_PATHS = (
					"$(inherited)",
					"@executable_path/Frameworks",
				);
				PRODUCT_BUNDLE_IDENTIFIER = com.PlayGround;
				PRODUCT_NAME = "$(TARGET_NAME)";
				SWIFT_VERSION = 5.0;
				TARGETED_DEVICE_FAMILY = "1,2";
			};
			name = Release;
		};
/* End XCBuildConfiguration section */

/* Begin XCConfigurationList section */
		68D40CE9233AC7FF006381FD /* Build configuration list for PBXProject "PlayGround" */ = {
			isa = XCConfigurationList;
			buildConfigurations = (
				68D40D00233AC800006381FD /* Debug */,
				68D40D01233AC800006381FD /* Release */,
			);
			defaultConfigurationIsVisible = 0;
			defaultConfigurationName = Release;
		};
		68D40D02233AC800006381FD /* Build configuration list for PBXNativeTarget "PlayGround" */ = {
			isa = XCConfigurationList;
			buildConfigurations = (
				68D40D03233AC800006381FD /* Debug */,
				68D40D04233AC800006381FD /* Release */,
			);
			defaultConfigurationIsVisible = 0;
			defaultConfigurationName = Release;
		};
/* End XCConfigurationList section */
	};
	rootObject = 68D40CE6233AC7FF006381FD /* Project object */;
}
